
Microsoft Visual Studio Solution File, Format Version 12.00
# Visual Studio Version 16
VisualStudioVersion = 16.0.29001.49
MinimumVisualStudioVersion = 10.0.40219.1
Project("{151D2E53-A2C4-4D7D-83FE-D05416EBD58E}") = "LEXX_ARG_SQLSERVER_template", "LEXX_ARG_SQLSERVER_template\LEXX_ARG_SQLSERVER_template.deployproj", "{9C51F029-53FC-4294-9AFA-C3C0795BBC4E}"
EndProject
Project("{00D1A9C2-B5F0-4AF3-8072-F6C62B433612}") = "GameStoreDB", "GameStoreDB\GameStoreDB.sqlproj", "{521A62A5-1AD9-4B28-BE2E-9F55B31787C5}"
EndProject
Global
	GlobalSection(SolutionConfigurationPlatforms) = preSolution
		Debug|Any CPU = Debug|Any CPU
		Release|Any CPU = Release|Any CPU
	EndGlobalSection
	GlobalSection(ProjectConfigurationPlatforms) = postSolution
		{9C51F029-53FC-4294-9AFA-C3C0795BBC4E}.Debug|Any CPU.ActiveCfg = Debug|Any CPU
		{9C51F029-53FC-4294-9AFA-C3C0795BBC4E}.Debug|Any CPU.Build.0 = Debug|Any CPU
		{9C51F029-53FC-4294-9AFA-C3C0795BBC4E}.Release|Any CPU.ActiveCfg = Release|Any CPU
		{9C51F029-53FC-4294-9AFA-C3C0795BBC4E}.Release|Any CPU.Build.0 = Release|Any CPU
		{521A62A5-1AD9-4B28-BE2E-9F55B31787C5}.Debug|Any CPU.ActiveCfg = Debug|Any CPU
		{521A62A5-1AD9-4B28-BE2E-9F55B31787C5}.Debug|Any CPU.Build.0 = Debug|Any CPU
		{521A62A5-1AD9-4B28-BE2E-9F55B31787C5}.Debug|Any CPU.Deploy.0 = Debug|Any CPU
		{521A62A5-1AD9-4B28-BE2E-9F55B31787C5}.Release|Any CPU.ActiveCfg = Release|Any CPU
		{521A62A5-1AD9-4B28-BE2E-9F55B31787C5}.Release|Any CPU.Build.0 = Release|Any CPU
		{521A62A5-1AD9-4B28-BE2E-9F55B31787C5}.Release|Any CPU.Deploy.0 = Release|Any CPU
	EndGlobalSection
	GlobalSection(SolutionProperties) = preSolution
		HideSolutionNode = FALSE
	EndGlobalSection
	GlobalSection(ExtensibilityGlobals) = postSolution
		SolutionGuid = {C7A5DCF4-4FD8-42A4-9EFB-02DE10ACC9AF}
	EndGlobalSection
EndGlobal
